
Microsoft Visual Studio Solution File, Format Version 12.00
# Visual Studio Version 17
VisualStudioVersion = 17.10.35027.167
MinimumVisualStudioVersion = 10.0.40219.1
Project("{FAE04EC0-301F-11D3-BF4B-00C04F79EFBC}") = "Mvc_web1", "Mvc_web1\Mvc_web1.csproj", "{21754EA1-2DD2-4886-AE91-10CF17534477}"
EndProject
Global
	GlobalSection(SolutionConfigurationPlatforms) = preSolution
		Debug|Any CPU = Debug|Any CPU
		Release|Any CPU = Release|Any CPU
	EndGlobalSection
	GlobalSection(ProjectConfigurationPlatforms) = postSolution
		{21754EA1-2DD2-4886-AE91-10CF17534477}.Debug|Any CPU.ActiveCfg = Debug|Any CPU
		{21754EA1-2DD2-4886-AE91-10CF17534477}.Debug|Any CPU.Build.0 = Debug|Any CPU
		{21754EA1-2DD2-4886-AE91-10CF17534477}.Release|Any CPU.ActiveCfg = Release|Any CPU
		{21754EA1-2DD2-4886-AE91-10CF17534477}.Release|Any CPU.Build.0 = Release|Any CPU
	EndGlobalSection
	GlobalSection(SolutionProperties) = preSolution
		HideSolutionNode = FALSE
	EndGlobalSection
	GlobalSection(ExtensibilityGlobals) = postSolution
		SolutionGuid = {41616158-2538-45A9-B12D-051FCFFC0DDD}
	EndGlobalSection
EndGlobal
